// !$*UTF8*$!
{
	archiveVersion = 1;
	classes = {
	};
	objectVersion = 56;
	objects = {

/* Begin PBXBuildFile section */
		44121E232AC8AA2A00A988D3 /* SwiftUIBasicApp.swift in Sources */ = {isa = PBXBuildFile; fileRef = 44121E222AC8AA2A00A988D3 /* SwiftUIBasicApp.swift */; };
		44121E252AC8AA2A00A988D3 /* ContentView.swift in Sources */ = {isa = PBXBuildFile; fileRef = 44121E242AC8AA2A00A988D3 /* ContentView.swift */; };
		44121E272AC8AA2C00A988D3 /* Assets.xcassets in Resources */ = {isa = PBXBuildFile; fileRef = 44121E262AC8AA2C00A988D3 /* Assets.xcassets */; };
		44121E2A2AC8AA2C00A988D3 /* Preview Assets.xcassets in Resources */ = {isa = PBXBuildFile; fileRef = 44121E292AC8AA2C00A988D3 /* Preview Assets.xcassets */; };
		44121E342AC8AA2D00A988D3 /* SwiftUIBasicTests.swift in Sources */ = {isa = PBXBuildFile; fileRef = 44121E332AC8AA2D00A988D3 /* SwiftUIBasicTests.swift */; };
		44121E3E2AC8AA2D00A988D3 /* SwiftUIBasicUITests.swift in Sources */ = {isa = PBXBuildFile; fileRef = 44121E3D2AC8AA2D00A988D3 /* SwiftUIBasicUITests.swift */; };
		44121E402AC8AA2D00A988D3 /* SwiftUIBasicUITestsLaunchTests.swift in Sources */ = {isa = PBXBuildFile; fileRef = 44121E3F2AC8AA2D00A988D3 /* SwiftUIBasicUITestsLaunchTests.swift */; };
/* End PBXBuildFile section */

/* Begin PBXContainerItemProxy section */
		44121E302AC8AA2D00A988D3 /* PBXContainerItemProxy */ = {
			isa = PBXContainerItemProxy;
			containerPortal = 44121E172AC8AA2A00A988D3 /* Project object */;
			proxyType = 1;
			remoteGlobalIDString = 44121E1E2AC8AA2A00A988D3;
			remoteInfo = SwiftUIBasic;
		};
		44121E3A2AC8AA2D00A988D3 /* PBXContainerItemProxy */ = {
			isa = PBXContainerItemProxy;
			containerPortal = 44121E172AC8AA2A00A988D3 /* Project object */;
			proxyType = 1;
			remoteGlobalIDString = 44121E1E2AC8AA2A00A988D3;
			remoteInfo = SwiftUIBasic;
		};
/* End PBXContainerItemProxy section */

/* Begin PBXFileReference section */
		44121E1F2AC8AA2A00A988D3 /* SwiftUIBasic.app */ = {isa = PBXFileReference; explicitFileType = wrapper.application; includeInIndex = 0; path = SwiftUIBasic.app; sourceTree = BUILT_PRODUCTS_DIR; };
		44121E222AC8AA2A00A988D3 /* SwiftUIBasicApp.swift */ = {isa = PBXFileReference; lastKnownFileType = sourcecode.swift; path = SwiftUIBasicApp.swift; sourceTree = "<group>"; };
		44121E242AC8AA2A00A988D3 /* ContentView.swift */ = {isa = PBXFileReference; lastKnownFileType = sourcecode.swift; path = ContentView.swift; sourceTree = "<group>"; };
		44121E262AC8AA2C00A988D3 /* Assets.xcassets */ = {isa = PBXFileReference; lastKnownFileType = folder.assetcatalog; path = Assets.xcassets; sourceTree = "<group>"; };
		44121E292AC8AA2C00A988D3 /* Preview Assets.xcassets */ = {isa = PBXFileReference; lastKnownFileType = folder.assetcatalog; path = "Preview Assets.xcassets"; sourceTree = "<group>"; };
		44121E2F2AC8AA2D00A988D3 /* SwiftUIBasicTests.xctest */ = {isa = PBXFileReference; explicitFileType = wrapper.cfbundle; includeInIndex = 0; path = SwiftUIBasicTests.xctest; sourceTree = BUILT_PRODUCTS_DIR; };
		44121E332AC8AA2D00A988D3 /* SwiftUIBasicTests.swift */ = {isa = PBXFileReference; lastKnownFileType = sourcecode.swift; path = SwiftUIBasicTests.swift; sourceTree = "<group>"; };
		44121E392AC8AA2D00A988D3 /* SwiftUIBasicUITests.xctest */ = {isa = PBXFileReference; explicitFileType = wrapper.cfbundle; includeInIndex = 0; path = SwiftUIBasicUITests.xctest; sourceTree = BUILT_PRODUCTS_DIR; };
		44121E3D2AC8AA2D00A988D3 /* SwiftUIBasicUITests.swift */ = {isa = PBXFileReference; lastKnownFileType = sourcecode.swift; path = SwiftUIBasicUITests.swift; sourceTree = "<group>"; };
		44121E3F2AC8AA2D00A988D3 /* SwiftUIBasicUITestsLaunchTests.swift */ = {isa = PBXFileReference; lastKnownFileType = sourcecode.swift; path = SwiftUIBasicUITestsLaunchTests.swift; sourceTree = "<group>"; };
/* End PBXFileReference section */

/* Begin PBXFrameworksBuildPhase section */
		44121E1C2AC8AA2A00A988D3 /* Frameworks */ = {
			isa = PBXFrameworksBuildPhase;
			buildActionMask = 2147483647;
			files = (
			);
			runOnlyForDeploymentPostprocessing = 0;
		};
		44121E2C2AC8AA2D00A988D3 /* Frameworks */ = {
			isa = PBXFrameworksBuildPhase;
			buildActionMask = 2147483647;
			files = (
			);
			runOnlyForDeploymentPostprocessing = 0;
		};
		44121E362AC8AA2D00A988D3 /* Frameworks */ = {
			isa = PBXFrameworksBuildPhase;
			buildActionMask = 2147483647;
			files = (
			);
			runOnlyForDeploymentPostprocessing = 0;
		};
/* End PBXFrameworksBuildPhase section */

/* Begin PBXGroup section */
		44121E162AC8AA2A00A988D3 = {
			isa = PBXGroup;
			children = (
				44121E212AC8AA2A00A988D3 /* SwiftUIBasic */,
				44121E322AC8AA2D00A988D3 /* SwiftUIBasicTests */,
				44121E3C2AC8AA2D00A988D3 /* SwiftUIBasicUITests */,
				44121E202AC8AA2A00A988D3 /* Products */,
			);
			sourceTree = "<group>";
		};
		44121E202AC8AA2A00A988D3 /* Products */ = {
			isa = PBXGroup;
			children = (
				44121E1F2AC8AA2A00A988D3 /* SwiftUIBasic.app */,
				44121E2F2AC8AA2D00A988D3 /* SwiftUIBasicTests.xctest */,
				44121E392AC8AA2D00A988D3 /* SwiftUIBasicUITests.xctest */,
			);
			name = Products;
			sourceTree = "<group>";
		};
		44121E212AC8AA2A00A988D3 /* SwiftUIBasic */ = {
			isa = PBXGroup;
			children = (
				44121E222AC8AA2A00A988D3 /* SwiftUIBasicApp.swift */,
				44121E242AC8AA2A00A988D3 /* ContentView.swift */,
				44121E262AC8AA2C00A988D3 /* Assets.xcassets */,
				44121E282AC8AA2C00A988D3 /* Preview Content */,
			);
			path = SwiftUIBasic;
			sourceTree = "<group>";
		};
		44121E282AC8AA2C00A988D3 /* Preview Content */ = {
			isa = PBXGroup;
			children = (
				44121E292AC8AA2C00A988D3 /* Preview Assets.xcassets */,
			);
			path = "Preview Content";
			sourceTree = "<group>";
		};
		44121E322AC8AA2D00A988D3 /* SwiftUIBasicTests */ = {
			isa = PBXGroup;
			children = (
				44121E332AC8AA2D00A988D3 /* SwiftUIBasicTests.swift */,
			);
			path = SwiftUIBasicTests;
			sourceTree = "<group>";
		};
		44121E3C2AC8AA2D00A988D3 /* SwiftUIBasicUITests */ = {
			isa = PBXGroup;
			children = (
				44121E3D2AC8AA2D00A988D3 /* SwiftUIBasicUITests.swift */,
				44121E3F2AC8AA2D00A988D3 /* SwiftUIBasicUITestsLaunchTests.swift */,
			);
			path = SwiftUIBasicUITests;
			sourceTree = "<group>";
		};
/* End PBXGroup section */

/* Begin PBXNativeTarget section */
		44121E1E2AC8AA2A00A988D3 /* SwiftUIBasic */ = {
			isa = PBXNativeTarget;
			buildConfigurationList = 44121E432AC8AA2D00A988D3 /* Build configuration list for PBXNativeTarget "SwiftUIBasic" */;
			buildPhases = (
				44121E1B2AC8AA2A00A988D3 /* Sources */,
				44121E1C2AC8AA2A00A988D3 /* Frameworks */,
				44121E1D2AC8AA2A00A988D3 /* Resources */,
			);
			buildRules = (
			);
			dependencies = (
			);
			name = SwiftUIBasic;
			productName = SwiftUIBasic;
			productReference = 44121E1F2AC8AA2A00A988D3 /* SwiftUIBasic.app */;
			productType = "com.apple.product-type.application";
		};
		44121E2E2AC8AA2D00A988D3 /* SwiftUIBasicTests */ = {
			isa = PBXNativeTarget;
			buildConfigurationList = 44121E462AC8AA2D00A988D3 /* Build configuration list for PBXNativeTarget "SwiftUIBasicTests" */;
			buildPhases = (
				44121E2B2AC8AA2D00A988D3 /* Sources */,
				44121E2C2AC8AA2D00A988D3 /* Frameworks */,
				44121E2D2AC8AA2D00A988D3 /* Resources */,
			);
			buildRules = (
			);
			dependencies = (
				44121E312AC8AA2D00A988D3 /* PBXTargetDependency */,
			);
			name = SwiftUIBasicTests;
			productName = SwiftUIBasicTests;
			productReference = 44121E2F2AC8AA2D00A988D3 /* SwiftUIBasicTests.xctest */;
			productType = "com.apple.product-type.bundle.unit-test";
		};
		44121E382AC8AA2D00A988D3 /* SwiftUIBasicUITests */ = {
			isa = PBXNativeTarget;
			buildConfigurationList = 44121E492AC8AA2D00A988D3 /* Build configuration list for PBXNativeTarget "SwiftUIBasicUITests" */;
			buildPhases = (
				44121E352AC8AA2D00A988D3 /* Sources */,
				44121E362AC8AA2D00A988D3 /* Frameworks */,
				44121E372AC8AA2D00A988D3 /* Resources */,
			);
			buildRules = (
			);
			dependencies = (
				44121E3B2AC8AA2D00A988D3 /* PBXTargetDependency */,
			);
			name = SwiftUIBasicUITests;
			productName = SwiftUIBasicUITests;
			productReference = 44121E392AC8AA2D00A988D3 /* SwiftUIBasicUITests.xctest */;
			productType = "com.apple.product-type.bundle.ui-testing";
		};
/* End PBXNativeTarget section */

/* Begin PBXProject section */
		44121E172AC8AA2A00A988D3 /* Project object */ = {
			isa = PBXProject;
			attributes = {
				BuildIndependentTargetsInParallel = 1;
				LastSwiftUpdateCheck = 1500;
				LastUpgradeCheck = 1500;
				TargetAttributes = {
					44121E1E2AC8AA2A00A988D3 = {
						CreatedOnToolsVersion = 15.0;
					};
					44121E2E2AC8AA2D00A988D3 = {
						CreatedOnToolsVersion = 15.0;
						TestTargetID = 44121E1E2AC8AA2A00A988D3;
					};
					44121E382AC8AA2D00A988D3 = {
						CreatedOnToolsVersion = 15.0;
						TestTargetID = 44121E1E2AC8AA2A00A988D3;
					};
				};
			};
			buildConfigurationList = 44121E1A2AC8AA2A00A988D3 /* Build configuration list for PBXProject "SwiftUIBasic" */;
			compatibilityVersion = "Xcode 14.0";
			developmentRegion = en;
			hasScannedForEncodings = 0;
			knownRegions = (
				en,
				Base,
			);
			mainGroup = 44121E162AC8AA2A00A988D3;
			productRefGroup = 44121E202AC8AA2A00A988D3 /* Products */;
			projectDirPath = "";
			projectRoot = "";
			targets = (
				44121E1E2AC8AA2A00A988D3 /* SwiftUIBasic */,
				44121E2E2AC8AA2D00A988D3 /* SwiftUIBasicTests */,
				44121E382AC8AA2D00A988D3 /* SwiftUIBasicUITests */,
			);
		};
/* End PBXProject section */

/* Begin PBXResourcesBuildPhase section */
		44121E1D2AC8AA2A00A988D3 /* Resources */ = {
			isa = PBXResourcesBuildPhase;
			buildActionMask = 2147483647;
			files = (
				44121E2A2AC8AA2C00A988D3 /* Preview Assets.xcassets in Resources */,
				44121E272AC8AA2C00A988D3 /* Assets.xcassets in Resources */,
			);
			runOnlyForDeploymentPostprocessing = 0;
		};
		44121E2D2AC8AA2D00A988D3 /* Resources */ = {
			isa = PBXResourcesBuildPhase;
			buildActionMask = 2147483647;
			files = (
			);
			runOnlyForDeploymentPostprocessing = 0;
		};
		44121E372AC8AA2D00A988D3 /* Resources */ = {
			isa = PBXResourcesBuildPhase;
			buildActionMask = 2147483647;
			files = (
			);
			runOnlyForDeploymentPostprocessing = 0;
		};
/* End PBXResourcesBuildPhase section */

/* Begin PBXSourcesBuildPhase section */
		44121E1B2AC8AA2A00A988D3 /* Sources */ = {
			isa = PBXSourcesBuildPhase;
			buildActionMask = 2147483647;
			files = (
				44121E252AC8AA2A00A988D3 /* ContentView.swift in Sources */,
				44121E232AC8AA2A00A988D3 /* SwiftUIBasicApp.swift in Sources */,
			);
			runOnlyForDeploymentPostprocessing = 0;
		};
		44121E2B2AC8AA2D00A988D3 /* Sources */ = {
			isa = PBXSourcesBuildPhase;
			buildActionMask = 2147483647;
			files = (
				44121E342AC8AA2D00A988D3 /* SwiftUIBasicTests.swift in Sources */,
			);
			runOnlyForDeploymentPostprocessing = 0;
		};
		44121E352AC8AA2D00A988D3 /* Sources */ = {
			isa = PBXSourcesBuildPhase;
			buildActionMask = 2147483647;
			files = (
				44121E3E2AC8AA2D00A988D3 /* SwiftUIBasicUITests.swift in Sources */,
				44121E402AC8AA2D00A988D3 /* SwiftUIBasicUITestsLaunchTests.swift in Sources */,
			);
			runOnlyForDeploymentPostprocessing = 0;
		};
/* End PBXSourcesBuildPhase section */

/* Begin PBXTargetDependency section */
		44121E312AC8AA2D00A988D3 /* PBXTargetDependency */ = {
			isa = PBXTargetDependency;
			target = 44121E1E2AC8AA2A00A988D3 /* SwiftUIBasic */;
			targetProxy = 44121E302AC8AA2D00A988D3 /* PBXContainerItemProxy */;
		};
		44121E3B2AC8AA2D00A988D3 /* PBXTargetDependency */ = {
			isa = PBXTargetDependency;
			target = 44121E1E2AC8AA2A00A988D3 /* SwiftUIBasic */;
			targetProxy = 44121E3A2AC8AA2D00A988D3 /* PBXContainerItemProxy */;
		};
/* End PBXTargetDependency section */

/* Begin XCBuildConfiguration section */
		44121E412AC8AA2D00A988D3 /* Debug */ = {
			isa = XCBuildConfiguration;
			buildSettings = {
				ALWAYS_SEARCH_USER_PATHS = NO;
				ASSETCATALOG_COMPILER_GENERATE_SWIFT_ASSET_SYMBOL_EXTENSIONS = YES;
				CLANG_ANALYZER_NONNULL = YES;
				CLANG_ANALYZER_NUMBER_OBJECT_CONVERSION = YES_AGGRESSIVE;
				CLANG_CXX_LANGUAGE_STANDARD = "gnu++20";
				CLANG_ENABLE_MODULES = YES;
				CLANG_ENABLE_OBJC_ARC = YES;
				CLANG_ENABLE_OBJC_WEAK = YES;
				CLANG_WARN_BLOCK_CAPTURE_AUTORELEASING = YES;
				CLANG_WARN_BOOL_CONVERSION = YES;
				CLANG_WARN_COMMA = YES;
				CLANG_WARN_CONSTANT_CONVERSION = YES;
				CLANG_WARN_DEPRECATED_OBJC_IMPLEMENTATIONS = YES;
				CLANG_WARN_DIRECT_OBJC_ISA_USAGE = YES_ERROR;
				CLANG_WARN_DOCUMENTATION_COMMENTS = YES;
				CLANG_WARN_EMPTY_BODY = YES;
				CLANG_WARN_ENUM_CONVERSION = YES;
				CLANG_WARN_INFINITE_RECURSION = YES;
				CLANG_WARN_INT_CONVERSION = YES;
				CLANG_WARN_NON_LITERAL_NULL_CONVERSION = YES;
				CLANG_WARN_OBJC_IMPLICIT_RETAIN_SELF = YES;
				CLANG_WARN_OBJC_LITERAL_CONVERSION = YES;
				CLANG_WARN_OBJC_ROOT_CLASS = YES_ERROR;
				CLANG_WARN_QUOTED_INCLUDE_IN_FRAMEWORK_HEADER = YES;
				CLANG_WARN_RANGE_LOOP_ANALYSIS = YES;
				CLANG_WARN_STRICT_PROTOTYPES = YES;
				CLANG_WARN_SUSPICIOUS_MOVE = YES;
				CLANG_WARN_UNGUARDED_AVAILABILITY = YES_AGGRESSIVE;
				CLANG_WARN_UNREACHABLE_CODE = YES;
				CLANG_WARN__DUPLICATE_METHOD_MATCH = YES;
				COPY_PHASE_STRIP = NO;
				DEBUG_INFORMATION_FORMAT = dwarf;
				ENABLE_STRICT_OBJC_MSGSEND = YES;
				ENABLE_TESTABILITY = YES;
				ENABLE_USER_SCRIPT_SANDBOXING = YES;
				GCC_C_LANGUAGE_STANDARD = gnu17;
				GCC_DYNAMIC_NO_PIC = NO;
				GCC_NO_COMMON_BLOCKS = YES;
				GCC_OPTIMIZATION_LEVEL = 0;
				GCC_PREPROCESSOR_DEFINITIONS = (
					"DEBUG=1",
					"$(inherited)",
				);
				GCC_WARN_64_TO_32_BIT_CONVERSION = YES;
				GCC_WARN_ABOUT_RETURN_TYPE = YES_ERROR;
				GCC_WARN_UNDECLARED_SELECTOR = YES;
				GCC_WARN_UNINITIALIZED_AUTOS = YES_AGGRESSIVE;
				GCC_WARN_UNUSED_FUNCTION = YES;
				GCC_WARN_UNUSED_VARIABLE = YES;
				IPHONEOS_DEPLOYMENT_TARGET = 17.0;
				LOCALIZATION_PREFERS_STRING_CATALOGS = YES;
				MTL_ENABLE_DEBUG_INFO = INCLUDE_SOURCE;
				MTL_FAST_MATH = YES;
				ONLY_ACTIVE_ARCH = YES;
				SDKROOT = iphoneos;
				SWIFT_ACTIVE_COMPILATION_CONDITIONS = "DEBUG $(inherited)";
				SWIFT_OPTIMIZATION_LEVEL = "-Onone";
			};
			name = Debug;
		};
		44121E422AC8AA2D00A988D3 /* Release */ = {
			isa = XCBuildConfiguration;
			buildSettings = {
				ALWAYS_SEARCH_USER_PATHS = NO;
				ASSETCATALOG_COMPILER_GENERATE_SWIFT_ASSET_SYMBOL_EXTENSIONS = YES;
				CLANG_ANALYZER_NONNULL = YES;
				CLANG_ANALYZER_NUMBER_OBJECT_CONVERSION = YES_AGGRESSIVE;
				CLANG_CXX_LANGUAGE_STANDARD = "gnu++20";
				CLANG_ENABLE_MODULES = YES;
				CLANG_ENABLE_OBJC_ARC = YES;
				CLANG_ENABLE_OBJC_WEAK = YES;
				CLANG_WARN_BLOCK_CAPTURE_AUTORELEASING = YES;
				CLANG_WARN_BOOL_CONVERSION = YES;
				CLANG_WARN_COMMA = YES;
				CLANG_WARN_CONSTANT_CONVERSION = YES;
				CLANG_WARN_DEPRECATED_OBJC_IMPLEMENTATIONS = YES;
				CLANG_WARN_DIRECT_OBJC_ISA_USAGE = YES_ERROR;
				CLANG_WARN_DOCUMENTATION_COMMENTS = YES;
				CLANG_WARN_EMPTY_BODY = YES;
				CLANG_WARN_ENUM_CONVERSION = YES;
				CLANG_WARN_INFINITE_RECURSION = YES;
				CLANG_WARN_INT_CONVERSION = YES;
				CLANG_WARN_NON_LITERAL_NULL_CONVERSION = YES;
				CLANG_WARN_OBJC_IMPLICIT_RETAIN_SELF = YES;
				CLANG_WARN_OBJC_LITERAL_CONVERSION = YES;
				CLANG_WARN_OBJC_ROOT_CLASS = YES_ERROR;
				CLANG_WARN_QUOTED_INCLUDE_IN_FRAMEWORK_HEADER = YES;
				CLANG_WARN_RANGE_LOOP_ANALYSIS = YES;
				CLANG_WARN_STRICT_PROTOTYPES = YES;
				CLANG_WARN_SUSPICIOUS_MOVE = YES;
				CLANG_WARN_UNGUARDED_AVAILABILITY = YES_AGGRESSIVE;
				CLANG_WARN_UNREACHABLE_CODE = YES;
				CLANG_WARN__DUPLICATE_METHOD_MATCH = YES;
				COPY_PHASE_STRIP = NO;
				DEBUG_INFORMATION_FORMAT = "dwarf-with-dsym";
				ENABLE_NS_ASSERTIONS = NO;
				ENABLE_STRICT_OBJC_MSGSEND = YES;
				ENABLE_USER_SCRIPT_SANDBOXING = YES;
				GCC_C_LANGUAGE_STANDARD = gnu17;
				GCC_NO_COMMON_BLOCKS = YES;
				GCC_WARN_64_TO_32_BIT_CONVERSION = YES;
				GCC_WARN_ABOUT_RETURN_TYPE = YES_ERROR;
				GCC_WARN_UNDECLARED_SELECTOR = YES;
				GCC_WARN_UNINITIALIZED_AUTOS = YES_AGGRESSIVE;
				GCC_WARN_UNUSED_FUNCTION = YES;
				GCC_WARN_UNUSED_VARIABLE = YES;
				IPHONEOS_DEPLOYMENT_TARGET = 17.0;
				LOCALIZATION_PREFERS_STRING_CATALOGS = YES;
				MTL_ENABLE_DEBUG_INFO = NO;
				MTL_FAST_MATH = YES;
				SDKROOT = iphoneos;
				SWIFT_COMPILATION_MODE = wholemodule;
				VALIDATE_PRODUCT = YES;
			};
			name = Release;
		};
		44121E442AC8AA2D00A988D3 /* Debug */ = {
			isa = XCBuildConfiguration;
			buildSettings = {
				ASSETCATALOG_COMPILER_APPICON_NAME = AppIcon;
				ASSETCATALOG_COMPILER_GLOBAL_ACCENT_COLOR_NAME = AccentColor;
				CODE_SIGN_STYLE = Automatic;
				CURRENT_PROJECT_VERSION = 1;
				DEVELOPMENT_ASSET_PATHS = "\"SwiftUIBasic/Preview Content\"";
				DEVELOPMENT_TEAM = BXWX5YCZ56;
				ENABLE_PREVIEWS = YES;
				GENERATE_INFOPLIST_FILE = YES;
				INFOPLIST_KEY_UIApplicationSceneManifest_Generation = YES;
				INFOPLIST_KEY_UIApplicationSupportsIndirectInputEvents = YES;
				INFOPLIST_KEY_UILaunchScreen_Generation = YES;
				INFOPLIST_KEY_UISupportedInterfaceOrientations_iPad = "UIInterfaceOrientationPortrait UIInterfaceOrientationPortraitUpsideDown UIInterfaceOrientationLandscapeLeft UIInterfaceOrientationLandscapeRight";
				INFOPLIST_KEY_UISupportedInterfaceOrientations_iPhone = "UIInterfaceOrientationPortrait UIInterfaceOrientationLandscapeLeft UIInterfaceOrientationLandscapeRight";
				LD_RUNPATH_SEARCH_PATHS = (
					"$(inherited)",
					"@executable_path/Frameworks",
				);
				MARKETING_VERSION = 1.0;
				PRODUCT_BUNDLE_IDENTIFIER = com.SwiftUIBasic;
				PRODUCT_NAME = "$(TARGET_NAME)";
				SWIFT_EMIT_LOC_STRINGS = YES;
				SWIFT_VERSION = 5.0;
				TARGETED_DEVICE_FAMILY = "1,2";
			};
			name = Debug;
		};
		44121E452AC8AA2D00A988D3 /* Release */ = {
			isa = XCBuildConfiguration;
			buildSettings = {
				ASSETCATALOG_COMPILER_APPICON_NAME = AppIcon;
				ASSETCATALOG_COMPILER_GLOBAL_ACCENT_COLOR_NAME = AccentColor;
				CODE_SIGN_STYLE = Automatic;
				CURRENT_PROJECT_VERSION = 1;
				DEVELOPMENT_ASSET_PATHS = "\"SwiftUIBasic/Preview Content\"";
				DEVELOPMENT_TEAM = BXWX5YCZ56;
				ENABLE_PREVIEWS = YES;
				GENERATE_INFOPLIST_FILE = YES;
				INFOPLIST_KEY_UIApplicationSceneManifest_Generation = YES;
				INFOPLIST_KEY_UIApplicationSupportsIndirectInputEvents = YES;
				INFOPLIST_KEY_UILaunchScreen_Generation = YES;
				INFOPLIST_KEY_UISupportedInterfaceOrientations_iPad = "UIInterfaceOrientationPortrait UIInterfaceOrientationPortraitUpsideDown UIInterfaceOrientationLandscapeLeft UIInterfaceOrientationLandscapeRight";
				INFOPLIST_KEY_UISupportedInterfaceOrientations_iPhone = "UIInterfaceOrientationPortrait UIInterfaceOrientationLandscapeLeft UIInterfaceOrientationLandscapeRight";
				LD_RUNPATH_SEARCH_PATHS = (
					"$(inherited)",
					"@executable_path/Frameworks",
				);
				MARKETING_VERSION = 1.0;
				PRODUCT_BUNDLE_IDENTIFIER = com.SwiftUIBasic;
				PRODUCT_NAME = "$(TARGET_NAME)";
				SWIFT_EMIT_LOC_STRINGS = YES;
				SWIFT_VERSION = 5.0;
				TARGETED_DEVICE_FAMILY = "1,2";
			};
			name = Release;
		};
		44121E472AC8AA2D00A988D3 /* Debug */ = {
			isa = XCBuildConfiguration;
			buildSettings = {
				ALWAYS_EMBED_SWIFT_STANDARD_LIBRARIES = YES;
				BUNDLE_LOADER = "$(TEST_HOST)";
				CODE_SIGN_STYLE = Automatic;
				CURRENT_PROJECT_VERSION = 1;
				DEVELOPMENT_TEAM = BXWX5YCZ56;
				GENERATE_INFOPLIST_FILE = YES;
				IPHONEOS_DEPLOYMENT_TARGET = 17.0;
				MARKETING_VERSION = 1.0;
				PRODUCT_BUNDLE_IDENTIFIER = com.SwiftUIBasicTests;
				PRODUCT_NAME = "$(TARGET_NAME)";
				SWIFT_EMIT_LOC_STRINGS = NO;
				SWIFT_VERSION = 5.0;
				TARGETED_DEVICE_FAMILY = "1,2";
				TEST_HOST = "$(BUILT_PRODUCTS_DIR)/SwiftUIBasic.app/$(BUNDLE_EXECUTABLE_FOLDER_PATH)/SwiftUIBasic";
			};
			name = Debug;
		};
		44121E482AC8AA2D00A988D3 /* Release */ = {
			isa = XCBuildConfiguration;
			buildSettings = {
				ALWAYS_EMBED_SWIFT_STANDARD_LIBRARIES = YES;
				BUNDLE_LOADER = "$(TEST_HOST)";
				CODE_SIGN_STYLE = Automatic;
				CURRENT_PROJECT_VERSION = 1;
				DEVELOPMENT_TEAM = BXWX5YCZ56;
				GENERATE_INFOPLIST_FILE = YES;
				IPHONEOS_DEPLOYMENT_TARGET = 17.0;
				MARKETING_VERSION = 1.0;
				PRODUCT_BUNDLE_IDENTIFIER = com.SwiftUIBasicTests;
				PRODUCT_NAME = "$(TARGET_NAME)";
				SWIFT_EMIT_LOC_STRINGS = NO;
				SWIFT_VERSION = 5.0;
				TARGETED_DEVICE_FAMILY = "1,2";
				TEST_HOST = "$(BUILT_PRODUCTS_DIR)/SwiftUIBasic.app/$(BUNDLE_EXECUTABLE_FOLDER_PATH)/SwiftUIBasic";
			};
			name = Release;
		};
		44121E4A2AC8AA2D00A988D3 /* Debug */ = {
			isa = XCBuildConfiguration;
			buildSettings = {
				ALWAYS_EMBED_SWIFT_STANDARD_LIBRARIES = YES;
				CODE_SIGN_STYLE = Automatic;
				CURRENT_PROJECT_VERSION = 1;
				DEVELOPMENT_TEAM = BXWX5YCZ56;
				GENERATE_INFOPLIST_FILE = YES;
				MARKETING_VERSION = 1.0;
				PRODUCT_BUNDLE_IDENTIFIER = com.SwiftUIBasicUITests;
				PRODUCT_NAME = "$(TARGET_NAME)";
				SWIFT_EMIT_LOC_STRINGS = NO;
				SWIFT_VERSION = 5.0;
				TARGETED_DEVICE_FAMILY = "1,2";
				TEST_TARGET_NAME = SwiftUIBasic;
			};
			name = Debug;
		};
		44121E4B2AC8AA2D00A988D3 /* Release */ = {
			isa = XCBuildConfiguration;
			buildSettings = {
				ALWAYS_EMBED_SWIFT_STANDARD_LIBRARIES = YES;
				CODE_SIGN_STYLE = Automatic;
				CURRENT_PROJECT_VERSION = 1;
				DEVELOPMENT_TEAM = BXWX5YCZ56;
				GENERATE_INFOPLIST_FILE = YES;
				MARKETING_VERSION = 1.0;
				PRODUCT_BUNDLE_IDENTIFIER = com.SwiftUIBasicUITests;
				PRODUCT_NAME = "$(TARGET_NAME)";
				SWIFT_EMIT_LOC_STRINGS = NO;
				SWIFT_VERSION = 5.0;
				TARGETED_DEVICE_FAMILY = "1,2";
				TEST_TARGET_NAME = SwiftUIBasic;
			};
			name = Release;
		};
/* End XCBuildConfiguration section */

/* Begin XCConfigurationList section */
		44121E1A2AC8AA2A00A988D3 /* Build configuration list for PBXProject "SwiftUIBasic" */ = {
			isa = XCConfigurationList;
			buildConfigurations = (
				44121E412AC8AA2D00A988D3 /* Debug */,
				44121E422AC8AA2D00A988D3 /* Release */,
			);
			defaultConfigurationIsVisible = 0;
			defaultConfigurationName = Release;
		};
		44121E432AC8AA2D00A988D3 /* Build configuration list for PBXNativeTarget "SwiftUIBasic" */ = {
			isa = XCConfigurationList;
			buildConfigurations = (
				44121E442AC8AA2D00A988D3 /* Debug */,
				44121E452AC8AA2D00A988D3 /* Release */,
			);
			defaultConfigurationIsVisible = 0;
			defaultConfigurationName = Release;
		};
		44121E462AC8AA2D00A988D3 /* Build configuration list for PBXNativeTarget "SwiftUIBasicTests" */ = {
			isa = XCConfigurationList;
			buildConfigurations = (
				44121E472AC8AA2D00A988D3 /* Debug */,
				44121E482AC8AA2D00A988D3 /* Release */,
			);
			defaultConfigurationIsVisible = 0;
			defaultConfigurationName = Release;
		};
		44121E492AC8AA2D00A988D3 /* Build configuration list for PBXNativeTarget "SwiftUIBasicUITests" */ = {
			isa = XCConfigurationList;
			buildConfigurations = (
				44121E4A2AC8AA2D00A988D3 /* Debug */,
				44121E4B2AC8AA2D00A988D3 /* Release */,
			);
			defaultConfigurationIsVisible = 0;
			defaultConfigurationName = Release;
		};
/* End XCConfigurationList section */
	};
	rootObject = 44121E172AC8AA2A00A988D3 /* Project object */;
}
